# This file is automatically @generated by Cargo.
# It is not intended for manual editing.
version = 4

[[package]]
name = "compositor_installer_process_config_parse_base"
version = "0.1.0"
dependencies = [
 "compositor_installer_process_config_parse_custom",
 "compositor_installer_process_config_parse_matrix",
 "compositor_installer_process_config_parse_model",
 "compositor_installer_process_config_parse_preset",
 "compositor_installer_process_config_parse_prompt",
]

[[package]]
name = "compositor_installer_process_config_parse_custom"
version = "0.1.0"
dependencies = [
 "compositor_installer_process_config_parse_model",
 "compositor_installer_process_config_parse_prompt",
]

[[package]]
name = "compositor_installer_process_config_parse_matrix"
version = "0.1.0"
dependencies = [
 "compositor_installer_process_config_parse_model",
 "compositor_installer_process_config_parse_preset",
]

[[package]]
name = "compositor_installer_process_config_parse_model"
version = "0.1.0"

[[package]]
name = "compositor_installer_process_config_parse_preset"
version = "0.1.0"
dependencies = [
 "compositor_installer_process_config_parse_model",
]

[[package]]
name = "compositor_installer_process_config_parse_prompt"
version = "0.1.0"

[[package]]
name = "compositor_installer_process_layout_compute_apply"
version = "0.1.0"
dependencies = [
 "compositor_installer_process_layout_compute_stage",
]

[[package]]
name = "compositor_installer_process_layout_compute_base"
version = "0.1.0"
dependencies = [
 "compositor_installer_process_config_parse_base",
 "compositor_installer_process_layout_compute_apply",
 "compositor_installer_process_layout_compute_plan",
 "compositor_installer_process_layout_compute_policy",
 "compositor_installer_process_layout_compute_session",
 "compositor_installer_process_layout_compute_stage",
 "compositor_installer_process_layout_compute_units",
]

[[package]]
name = "compositor_installer_process_layout_compute_plan"
version = "0.1.0"
dependencies = [
 "compositor_installer_process_config_parse_base",
 "compositor_installer_process_layout_compute_policy",
 "compositor_installer_process_layout_compute_session",
 "compositor_installer_process_layout_compute_stage",
]

[[package]]
name = "compositor_installer_process_layout_compute_policy"
version = "0.1.0"

[[package]]
name = "compositor_installer_process_layout_compute_session"
version = "0.1.0"
dependencies = [
 "compositor_installer_process_config_parse_base",
]

[[package]]
name = "compositor_installer_process_layout_compute_stage"
version = "0.1.0"

[[package]]
name = "compositor_installer_process_layout_compute_units"
version = "0.1.0"
dependencies = [
 "compositor_installer_process_layout_compute_policy",
 "compositor_installer_process_layout_compute_stage",
]

[[package]]
name = "compositor_installer_process_main_execute_base"
version = "0.1.0"
dependencies = [
 "compositor_installer_process_config_parse_base",
 "compositor_installer_process_layout_compute_base",
 "compositor_installer_process_main_execute_configure",
 "compositor_installer_process_main_execute_info",
 "compositor_installer_process_main_execute_packages",
 "compositor_installer_process_main_execute_plan",
 "compositor_installer_process_packages_enumerate_base",
]

[[package]]
name = "compositor_installer_process_main_execute_configure"
version = "0.1.0"
dependencies = [
 "compositor_installer_process_config_parse_base",
 "compositor_installer_process_packages_enumerate_base",
]

[[package]]
name = "compositor_installer_process_main_execute_info"
version = "0.1.0"
dependencies = [
 "compositor_installer_process_config_parse_base",
 "compositor_installer_process_packages_enumerate_base",
]

[[package]]
name = "compositor_installer_process_main_execute_packages"
version = "0.1.0"
dependencies = [
 "compositor_installer_process_config_parse_base",
 "compositor_installer_process_packages_enumerate_base",
]

[[package]]
name = "compositor_installer_process_main_execute_plan"
version = "0.1.0"
dependencies = [
 "compositor_installer_process_config_parse_base",
 "compositor_installer_process_layout_compute_base",
]

[[package]]
name = "compositor_installer_process_packages_enumerate_base"
version = "0.1.0"
dependencies = [
 "compositor_installer_process_packages_enumerate_groups",
 "compositor_installer_process_packages_enumerate_install",
 "compositor_installer_process_packages_enumerate_model",
]

[[package]]
name = "compositor_installer_process_packages_enumerate_groups"
version = "0.1.0"
dependencies = [
 "compositor_installer_process_packages_enumerate_model",
]

[[package]]
name = "compositor_installer_process_packages_enumerate_install"
version = "0.1.0"

[[package]]
name = "compositor_installer_process_packages_enumerate_model"
version = "0.1.0"
